# This file is automatically @generated by Poetry 2.4.1 and should not be changed by hand.

[[package]]
name = "accessible-pygments"
version = "0.0.5"
description = "A collection of accessible pygments styles"
optional = true
python-versions = ">=3.9"
groups = ["main"]
markers = "extra == \"doc\""
files = [
    {file = "accessible_pygments-0.0.5-py3-none-any.whl", hash = "sha256:88ae3211e68a1d0b011504b2ffc1691feafce124b845bd072ab6f9f66f34d4b7"},
    {file = "accessible_pygments-0.0.5.tar.gz", hash = "sha256:40918d3e6a2b619ad424cb91e556bd3bd8865443d9f22f1dcdf79e33c8046872"},
]

[package.dependencies]
pygments = ">=1.5"

[package.extras]
dev = ["pillow", "pkginfo (>=1.10)", "playwright", "pre-commit", "setuptools", "twine (>=5.0)"]
tests = ["hypothesis", "pytest"]

[[package]]
name = "alabaster"
version = "0.7.16"
description = "A light, configurable Sphinx theme"
optional = true
python-versions = ">=3.9"
groups = ["main"]
markers = "extra == \"doc\""
files = [
    {file = "alabaster-0.7.16-py3-none-any.whl", hash = "sha256:b46733c07dce03ae4e150330b975c75737fa60f0a7c591b6c8bf4928a28e2c92"},
    {file = "alabaster-0.7.16.tar.gz", hash = "sha256:75a8b99c28a5dad50dd7f8ccdd447a121ddb3892da9e53d1ca5cca3106d58d65"},
]

[[package]]
name = "alembic"
version = "1.18.4"
description = "A database migration tool for SQLAlchemy."
optional = true
python-versions = ">=3.10"
groups = ["main"]
markers = "extra == \"tool\""
files = [
    {file = "alembic-1.18.4-py3-none-any.whl", hash = "sha256:a5ed4adcf6d8a4cb575f3d759f071b03cd6e5c7618eb796cb52497be25bfe19a"},
    {file = "alembic-1.18.4.tar.gz", hash = "sha256:cb6e1fd84b6174ab8dbb2329f86d631ba9559dd78df550b57804d607672cedbc"},
]

[package.dependencies]
Mako = "*"
SQLAlchemy = ">=1.4.23"
typing-extensions = ">=4.12"

[package.extras]
tz = ["tzdata"]

[[package]]
name = "astropy"
version = "7.2.0"
description = "Astronomy and astrophysics core library"
optional = false
python-versions = ">=3.11"
groups = ["layer-idex-processing", "layer-processing"]
files = [
    {file = "astropy-7.2.0-cp311-abi3-macosx_10_9_x86_64.whl", hash = "sha256:efac04df4cc488efe630c2fff1992d6516dfb16a06e197fb68bc9e8e3b85def1"},
    {file = "astropy-7.2.0-cp311-abi3-macosx_11_0_arm64.whl", hash = "sha256:52e9a7d9c86b21f1af911a2930cd0c4a275fb302d455c89e11eedaffef6f2ad0"},
    {file = "astropy-7.2.0-cp311-abi3-manylinux2014_aarch64.manylinux_2_17_aarch64.manylinux_2_28_aarch64.whl", hash = "sha256:97c370421b9bb13d4c762c7af06d172bad7c01bd5bcf88314f6913c3c235b770"},
    {file = "astropy-7.2.0-cp311-abi3-manylinux2014_x86_64.manylinux_2_17_x86_64.manylinux_2_28_x86_64.whl", hash = "sha256:2f39ce2c80211fbceb005d377a5478cd0d66c42aa1498d252f2239fe5a025c24"},
    {file = "astropy-7.2.0-cp311-abi3-musllinux_1_2_x86_64.whl", hash = "sha256:ad4d71db994d45f046a1a5449000cf0f88ab6367cb67658500654a0586d6ab19"},
    {file = "astropy-7.2.0-cp311-abi3-win32.whl", hash = "sha256:95161f26602433176483e8bde8ab1a8ca09148f5b4bf5190569a26d381091598"},
    {file = "astropy-7.2.0-cp311-abi3-win_amd64.whl", hash = "sha256:dc7c340ba1713e55c93071b32033f3153470a0f663a4d539c03a7c9b44020790"},
    {file = "astropy-7.2.0-cp311-abi3-win_arm64.whl", hash = "sha256:0c428735a3f15b05c2095bc6ccb5f98a64bc99fb7015866af19ff8492420ddaf"},
    {file = "astropy-7.2.0.tar.gz", hash = "sha256:ae48bc26b1feaeb603cd94bd1fa1aa39137a115fe931b7f13787ab420e8c3070"},
]

[package.dependencies]
astropy-iers-data = ">=0.2025.10.27.0.39.10"
numpy = ">=1.24"
packaging = ">=22.0.0"
pyerfa = ">=2.0.1.1"
PyYAML = ">=6.0.0"

[package.extras]
all = ["asdf-astropy (>=0.3)", "astropy[ipython]", "astropy[jupyter]", "astropy[recommended]", "beautifulsoup4 (>=4.9.3)", "bleach (>=3.2.1)", "bottleneck (>=1.3.3)", "certifi (>=2022.6.15.1)", "dask[dataframe] (>=2024.8.0)", "fsspec[http] (>=2023.4.0)", "h5py (>=3.9.0)", "html5lib (>=1.1)", "jplephem (>=2.17.0)", "mpmath (>=1.2.1)", "pyarrow (>=14.0.2)", "pytz (>=2016.10)", "s3fs (>=2023.4.0)", "sortedcontainers (>=2.1.0)", "uncompresspy (>=0.4.0)"]
dev = ["astropy[docs]", "astropy[recommended]", "astropy[test]", "astropy[typing]"]
dev-all = ["astropy[dev]", "astropy[test-all]", "tox (>=4.22.0)"]
docs = ["Jinja2 (>=3.1.3)", "astropy[recommended]", "matplotlib (>=3.9.1)", "pytest (>=8.0.0)", "sphinx (>=8.2.0)", "sphinx-astropy[confv2] (>=1.9.1)", "sphinx-changelog (>=1.2.0)", "sphinx_design (>=0.6.1)", "sphinxcontrib-globalsubs (>=0.1.1)"]
ipython = ["ipython (>=8.0.0)"]
jupyter = ["astropy[ipython]", "ipydatagrid (>=1.1.13)", "ipykernel (>=6.16.0)", "ipywidgets (>=7.7.3)", "jupyter-core (>=4.11.2)", "pandas (>=2.0.0)"]
recommended = ["matplotlib (>=3.8.0)", "narwhals (>=1.42.0)", "scipy (>=1.9.2)"]
test = ["coverage (>=6.4.4)", "pre-commit (>=2.9.3)", "pytest (>=8.0.0)", "pytest-astropy (>=0.10.0)", "pytest-astropy-header (>=0.2.1)", "pytest-doctestplus (>=1.4.0)", "pytest-xdist (>=2.5.0)", "threadpoolctl (>=3.0.0)"]
test-all = ["array-api-strict (<2.4) ; python_version < \"3.12\"", "array-api-strict (>=1.0)", "astropy[all]", "astropy[test]", "objgraph (>=3.1.2)", "sgp4 (>=2.3)", "skyfield (>=1.42.0)"]
typing = ["narwhals (>=1.42.0)", "pandas-stubs (>=2.0.0)"]

[[package]]
name = "astropy-healpix"
version = "1.1.3"
description = "BSD-licensed HEALPix for Astropy"
optional = false
python-versions = ">=3.10"
groups = ["layer-idex-processing", "layer-processing"]
files = [
    {file = "astropy_healpix-1.1.3-cp310-abi3-macosx_10_9_x86_64.whl", hash = "sha256:182b0b6a833afa9daa0c73c8394a2a067da7f42cd27c838e1ced7592979ae934"},
    {file = "astropy_healpix-1.1.3-cp310-abi3-macosx_11_0_arm64.whl", hash = "sha256:c518d4a8af61097be139fa825ffeb391606207fc0c40e7c60fc078ff620d13a5"},
    {file = "astropy_healpix-1.1.3-cp310-abi3-manylinux2014_aarch64.manylinux_2_17_aarch64.manylinux_2_28_aarch64.whl", hash = "sha256:706d2f17bbc97d5348512482ad5e49620724334163a810f23efa54187bb6176a"},
    {file = "astropy_healpix-1.1.3-cp310-abi3-manylinux2014_x86_64.manylinux_2_17_x86_64.manylinux_2_28_x86_64.whl", hash = "sha256:49dc32289c7fd98c8dbe6794326d9298920dd9212f99d3bcdef31a19a1cde8ea"},
    {file = "astropy_healpix-1.1.3-cp310-abi3-musllinux_1_2_x86_64.whl", hash = "sha256:0c851836c9327065608c73d67fd8c00462d365c368038cd285bc60570d470e1b"},
    {file = "astropy_healpix-1.1.3-cp310-abi3-win32.whl", hash = "sha256:e9c5a81d936120c8aa11e042da6529a2255708150de515364eba79a5dd094ca1"},
    {file = "astropy_healpix-1.1.3-cp310-abi3-win_amd64.whl", hash = "sha256:14133113b137821c1ea1229dc9b1eb9d187ed227ea9c8de60d3eb81296dea67b"},
    {file = "astropy_healpix-1.1.3-cp314-cp314t-macosx_10_15_x86_64.whl", hash = "sha256:da885033f7cf319906f58c61087e137f0e473e78503fe94bf951f569ebd3b033"},
    {file = "astropy_healpix-1.1.3-cp314-cp314t-macosx_11_0_arm64.whl", hash = "sha256:0cd93955d0b30bcee07b09b8ddf6e45cc39895f257fab1469524990e3a5b3e9e"},
    {file = "astropy_healpix-1.1.3-cp314-cp314t-manylinux2014_aarch64.manylinux_2_17_aarch64.manylinux_2_28_aarch64.whl", hash = "sha256:0a798bfdf2176426cf4947c4905f8862c29032635ea513d281ea27cc3a0303e4"},
    {file = "astropy_healpix-1.1.3-cp314-cp314t-manylinux2014_x86_64.manylinux_2_17_x86_64.manylinux_2_28_x86_64.whl", hash = "sha256:fe96eeee5b3dd19f4ce7decef4f95a63ff2564652ec62392fbcabc2bd18095d6"},
    {file = "astropy_healpix-1.1.3-cp314-cp314t-musllinux_1_2_x86_64.whl", hash = "sha256:638796f0c532cb4c77b28594b032e5d7de7c88b53b80ded8190b6f32adebd2bd"},
    {file = "astropy_healpix-1.1.3-cp314-cp314t-win32.whl", hash = "sha256:e83e677f3d66a4d2e1705457915df7021d98936d6167d2780fe2fd2e83a94911"},
    {file = "astropy_healpix-1.1.3-cp314-cp314t-win_amd64.whl", hash = "sha256:22327a7d00d28e89b1f182a2ee62d27dc204d0a0bebacfa0d3eabbe9dc25bf8f"},
    {file = "astropy_healpix-1.1.3.tar.gz", hash = "sha256:f520d83abe8215d3e8e1a37b2bd91171ee36a6f55f110d5a2db863d75d81b3b7"},
]

[package.dependencies]
astropy = ">=5"
numpy = ">=1.25"

[package.extras]
docs = ["matplotlib", "sphinx-astropy"]
test = ["hypothesis", "pytest-astropy"]

[[package]]
name = "astropy-iers-data"
version = "0.2026.4.27.1.3.2"
description = "IERS Earth Rotation and Leap Second tables for the astropy core package"
optional = false
python-versions = ">=3.10"
groups = ["layer-idex-processing", "layer-processing"]
files = [
    {file = "astropy_iers_data-0.2026.4.27.1.3.2-py3-none-any.whl", hash = "sha256:3c09006b1b7c369a4dd9ba7e395b04cbfedb41a9253013b3bf7e5b8ac53a7699"},
    {file = "astropy_iers_data-0.2026.4.27.1.3.2.tar.gz", hash = "sha256:fc71b5b2e601afb1b8c4f22a35161c551d67469ec65502123591dae6a87d453b"},
]

[package.extras]
docs = ["pytest"]
test = ["hypothesis", "pytest", "pytest-remotedata"]

[[package]]
name = "atomicwrites"
version = "1.4.1"
description = "Atomic file writes."
optional = true
python-versions = ">=2.7, !=3.0.*, !=3.1.*, !=3.2.*, !=3.3.*"
groups = ["main"]
markers = "extra == \"test\" and sys_platform == \"win32\""
files = [
    {file = "atomicwrites-1.4.1.tar.gz", hash = "sha256:81b2c9071a49367a7f770170e5eec8cb66567cfbbc8c73d20ce5ca4a8d71cf11"},
]

[[package]]
name = "attrs"
version = "25.4.0"
description = "Classes Without Boilerplate"
optional = false
python-versions = ">=3.9"
groups = ["main", "cdk-install"]
files = [
    {file = "attrs-25.4.0-py3-none-any.whl", hash = "sha256:adcf7e2a1fb3b36ac48d97835bb6d8ade15b8dcce26aba8bf1d14847b57a3373"},
    {file = "attrs-25.4.0.tar.gz", hash = "sha256:16d5969b87f0859ef33a48b35d55ac1be6e42ae49d5e853b597db70c35c57e11"},
]
markers = {main = "extra == \"test\""}

[[package]]
name = "aws-cdk-asset-awscli-v1"
version = "2.2.273"
description = "A library that contains the AWS CLI for use in Lambda Layers"
optional = false
python-versions = "~=3.9"
groups = ["cdk-install"]
files = [
    {file = "aws_cdk_asset_awscli_v1-2.2.273-py3-none-any.whl", hash = "sha256:1a0994afa7b48f63b580603be64c7a99d19ed6777bdf81d3c2435d8b43cf0d71"},
    {file = "aws_cdk_asset_awscli_v1-2.2.273.tar.gz", hash = "sha256:6580dad3416e53712db434f81add6fb4a314e1a80f9c57cc42606df1f64c8e0f"},
]

[package.dependencies]
jsii = ">=1.127.0,<2.0.0"
publication = ">=0.0.3"
typeguard = "2.13.3"

[[package]]
name = "aws-cdk-asset-node-proxy-agent-v6"
version = "2.1.1"
description = "@aws-cdk/asset-node-proxy-agent-v6"
optional = false
python-versions = "~=3.9"
groups = ["cdk-install"]
files = [
    {file = "aws_cdk_asset_node_proxy_agent_v6-2.1.1-py3-none-any.whl", hash = "sha256:a24fab484423fcb7c729fb376817a4dbb6a09c176243fd1dcbdaa05ddf62f037"},
    {file = "aws_cdk_asset_node_proxy_agent_v6-2.1.1.tar.gz", hash = "sha256:37211fea7e308144d20666b939d8763d733000d8d837ba968dacaf4983daf574"},
]

[package.dependencies]
jsii = ">=1.126.0,<2.0.0"
publication = ">=0.0.3"
typeguard = "2.13.3"

[[package]]
name = "aws-cdk-aws-lambda-python-alpha"
version = "2.251.0a0"
description = "The CDK Construct Library for AWS Lambda in Python"
optional = false
python-versions = "~=3.9"
groups = ["cdk-install"]
files = [
    {file = "aws_cdk_aws_lambda_python_alpha-2.251.0a0-py3-none-any.whl", hash = "sha256:c5780e06890582166932269ef594f4f2050961c2a1431429821ea45ea7a338fc"},
    {file = "aws_cdk_aws_lambda_python_alpha-2.251.0a0.tar.gz", hash = "sha256:04f2b8edb36cb2eb3494169100d3eaad54f7acb577bd870a5343f6d95a5480da"},
]

[package.dependencies]
aws-cdk-lib = ">=2.251.0,<3.0.0"
constructs = ">=10.5.0,<11.0.0"
jsii = ">=1.127.0,<2.0.0"
publication = ">=0.0.3"
typeguard = "2.13.3"

[[package]]
name = "aws-cdk-cloud-assembly-schema"
version = "53.18.0"
description = "Schema for the protocol between CDK framework and CDK CLI"
optional = false
python-versions = "~=3.9"
groups = ["cdk-install"]
files = [
    {file = "aws_cdk_cloud_assembly_schema-53.18.0-py3-none-any.whl", hash = "sha256:291a9645d70bb1e2fd73fb8e58fd48503353751b8330d8f2d72dafc13bdf84ac"},
    {file = "aws_cdk_cloud_assembly_schema-53.18.0.tar.gz", hash = "sha256:bb377de485f5214a47c78268b2a985332c83d7fd5c06922d1a9538ba31320afc"},
]

[package.dependencies]
jsii = ">=1.128.0,<2.0.0"
publication = ">=0.0.3"
typeguard = "2.13.3"

[[package]]
name = "aws-cdk-lib"
version = "2.251.0"
description = "Version 2 of the AWS Cloud Development Kit library"
optional = false
python-versions = "~=3.9"
groups = ["cdk-install"]
files = [
    {file = "aws_cdk_lib-2.251.0-py3-none-any.whl", hash = "sha256:a684f3461d096443ac688adbf559abe1af2d50dd5c8e0fa7dbf4a5f361702db8"},
    {file = "aws_cdk_lib-2.251.0.tar.gz", hash = "sha256:ed69e7ea6896c62ac2ce01857083601baf541d5d875370bee6d213d641e8921e"},
]

[package.dependencies]
"aws-cdk.asset-awscli-v1" = "2.2.273"
"aws-cdk.asset-node-proxy-agent-v6" = ">=2.1.1,<3.0.0"
"aws-cdk.cloud-assembly-schema" = ">=53.18.0,<54.0.0"
constructs = ">=10.5.0,<11.0.0"
jsii = ">=1.127.0,<2.0.0"
publication = ">=0.0.3"
typeguard = "2.13.3"

[[package]]
name = "babel"
version = "2.18.0"
description = "Internationalization utilities"
optional = true
python-versions = ">=3.8"
groups = ["main"]
markers = "extra == \"doc\""
files = [
    {file = "babel-2.18.0-py3-none-any.whl", hash = "sha256:e2b422b277c2b9a9630c1d7903c2a00d0830c409c59ac8cae9081c92f1aeba35"},
    {file = "babel-2.18.0.tar.gz", hash = "sha256:b80b99a14bd085fcacfa15c9165f651fbb3406e66cc603abf11c5750937c992d"},
]

[package.extras]
dev = ["backports.zoneinfo ; python_version < \"3.9\"", "freezegun (>=1.0,<2.0)", "jinja2 (>=3.0)", "pytest (>=6.0)", "pytest-cov", "pytz", "setuptools", "tzdata ; sys_platform == \"win32\""]

[[package]]
name = "beautifulsoup4"
version = "4.14.3"
description = "Screen-scraping library"
optional = true
python-versions = ">=3.7.0"
groups = ["main"]
markers = "extra == \"doc\""
files = [
    {file = "beautifulsoup4-4.14.3-py3-none-any.whl", hash = "sha256:0918bfe44902e6ad8d57732ba310582e98da931428d231a5ecb9e7c703a735bb"},
    {file = "beautifulsoup4-4.14.3.tar.gz", hash = "sha256:6292b1c5186d356bba669ef9f7f051757099565ad9ada5dd630bd9de5fa7fb86"},
]

[package.dependencies]
soupsieve = ">=1.6.1"
typing-extensions = ">=4.0.0"

[package.extras]
cchardet = ["cchardet"]
chardet = ["chardet"]
charset-normalizer = ["charset-normalizer"]
html5lib = ["html5lib"]
lxml = ["lxml"]

[[package]]
name = "boto3"
version = "1.42.96"
description = "The AWS SDK for Python"
optional = false
python-versions = ">=3.9"
groups = ["main"]
files = [
    {file = "boto3-1.42.96-py3-none-any.whl", hash = "sha256:2f4566da2c209a98bdbfc874d813ef231c84ad24e4f815e9bc91de5f63351a24"},
    {file = "boto3-1.42.96.tar.gz", hash = "sha256:b38a9e4a3fbbee9017252576f1379780d0a5814768676c08df2f539d31fcdd68"},
]

[package.dependencies]
botocore = ">=1.42.96,<1.43.0"
jmespath = ">=0.7.1,<2.0.0"
s3transfer = ">=0.16.0,<0.17.0"

[package.extras]
crt = ["botocore[crt] (>=1.21.0,<2.0a0)"]

[[package]]
name = "botocore"
version = "1.42.96"
description = "Low-level, data-driven core of boto 3."
optional = false
python-versions = ">=3.9"
groups = ["main"]
files = [
    {file = "botocore-1.42.96-py3-none-any.whl", hash = "sha256:db2c3e2006628be6fde81a24124a6563c363d6982fb92728837cf174bad9d98a"},
    {file = "botocore-1.42.96.tar.gz", hash = "sha256:75b3b841ffacaa944f645196655a21ca777591dd8911e732bfb6614545af0250"},
]

[package.dependencies]
jmespath = ">=0.7.1,<2.0.0"
python-dateutil = ">=2.1,<3.0.0"
urllib3 = {version = ">=1.25.4,<2.2.0 || >2.2.0,<3", markers = "python_version >= \"3.10\""}

[package.extras]
crt = ["awscrt (==0.31.2)"]

[[package]]
name = "cattrs"
version = "25.3.0"
description = "Composable complex class support for attrs and dataclasses."
optional = false
python-versions = ">=3.9"
groups = ["cdk-install"]
files = [
    {file = "cattrs-25.3.0-py3-none-any.whl", hash = "sha256:9896e84e0a5bf723bc7b4b68f4481785367ce07a8a02e7e9ee6eb2819bc306ff"},
    {file = "cattrs-25.3.0.tar.gz", hash = "sha256:1ac88d9e5eda10436c4517e390a4142d88638fe682c436c93db7ce4a277b884a"},
]

[package.dependencies]
attrs = ">=25.4.0"
typing-extensions = ">=4.14.0"

[package.extras]
bson = ["pymongo (>=4.4.0)"]
cbor2 = ["cbor2 (>=5.4.6)"]
msgpack = ["msgpack (>=1.0.5)"]
msgspec = ["msgspec (>=0.19.0) ; implementation_name == \"cpython\""]
orjson = ["orjson (>=3.11.3) ; implementation_name == \"cpython\""]
pyyaml = ["pyyaml (>=6.0)"]
tomlkit = ["tomlkit (>=0.11.8)"]
ujson = ["ujson (>=5.10.0)"]

[[package]]
name = "cdflib"
version = "1.3.9"
description = "A python CDF reader toolkit"
optional = false
python-versions = ">=3.9"
groups = ["layer-idex-processing", "layer-processing"]
files = [
    {file = "cdflib-1.3.9-py3-none-any.whl", hash = "sha256:b06f6b37be23561cc88c80a1fbd122a67b0878bef5705b17b201030ce3409c1b"},
    {file = "cdflib-1.3.9.tar.gz", hash = "sha256:45bfd7e179ac3d689946197cad407bf172fde2e9fd25d54b019f3f76953b80d3"},
]

[package.dependencies]
numpy = ">=1.21"

[package.extras]
dev = ["ipython", "matplotlib", "pre-commit"]
docs = ["mkdocs", "mkdocs-material", "mkdocstrings[python]"]
tests = ["astropy", "h5netcdf", "hypothesis", "netcdf4", "pooch", "pytest (>=3.9)", "pytest-cov", "pytest-remotedata", "xarray"]

[[package]]
name = "certifi"
version = "2026.4.22"
description = "Python package for providing Mozilla's CA Bundle."
optional = false
python-versions = ">=3.7"
groups = ["main", "layer-idex-processing", "layer-processing", "layer-spice"]
files = [
    {file = "certifi-2026.4.22-py3-none-any.whl", hash = "sha256:3cb2210c8f88ba2318d29b0388d1023c8492ff72ecdde4ebdaddbb13a31b1c4a"},
    {file = "certifi-2026.4.22.tar.gz", hash = "sha256:8d455352a37b71bf76a79caa83a3d6c25afee4a385d632127b6afb3963f1c580"},
]

[[package]]
name = "charset-normalizer"
version = "3.4.7"
description = "The Real First Universal Charset Detector. Open, modern and actively maintained alternative to Chardet."
optional = false
python-versions = ">=3.7"
groups = ["main", "layer-idex-processing", "layer-processing", "layer-spice"]
files = [
    {file = "charset_normalizer-3.4.7-py3-none-any.whl", hash = "sha256:3dce51d0f5e7951f8bb4900c257dad282f49190fdbebecd4ba99bcc41fef404d"},
    {file = "charset_normalizer-3.4.7.tar.gz", hash = "sha256:ae89db9e5f98a11a4bf50407d4363e7b09b31e55bc117b4f7d80aab97ba009e5"},
]

[[package]]
name = "click"
version = "8.3.3"
description = "Composable command line interface toolkit"
optional = false
python-versions = ">=3.10"
groups = ["layer-idex-processing", "layer-processing"]
files = [
    {file = "click-8.3.3-py3-none-any.whl", hash = "sha256:a2bf429bb3033c89fa4936ffb35d5cb471e3719e1f3c8a7c3fff0b8314305613"},
    {file = "click-8.3.3.tar.gz", hash = "sha256:398329ad4837b2ff7cbe1dd166a4c0f8900c3ca3a218de04466f38f6497f18a2"},
]

[package.dependencies]
colorama = {version = "*", markers = "platform_system == \"Windows\""}

[[package]]
name = "colorama"
version = "0.4.6"
description = "Cross-platform colored terminal text."
optional = false
python-versions = "!=3.0.*,!=3.1.*,!=3.2.*,!=3.3.*,!=3.4.*,!=3.5.*,!=3.6.*,>=2.7"
groups = ["main", "layer-idex-processing", "layer-processing"]
files = [
    {file = "colorama-0.4.6-py2.py3-none-any.whl", hash = "sha256:4f1d9991f5acc0ca119f9d443620b77f9d6b33703e51011c16baf57afb285fc6"},
    {file = "colorama-0.4.6.tar.gz", hash = "sha256:08695f5cb7ed6e0531a20572697297273c47b8cae5a63ffc6d6ed5c201be6e44"},
]
markers = {main = "(extra == \"doc\" or extra == \"test\") and sys_platform == \"win32\"", layer-idex-processing = "platform_system == \"Windows\"", layer-processing = "platform_system == \"Windows\""}

[[package]]
name = "constructs"
version = "10.6.0"
description = "A programming model for software-defined state"
optional = false
python-versions = "~=3.9"
groups = ["cdk-install"]
files = [
    {file = "constructs-10.6.0-py3-none-any.whl", hash = "sha256:ad4ffabdb53c17cde00fb94e441a1ba9fddac57c92ad49d263f8dbd416cec513"},
    {file = "constructs-10.6.0.tar.gz", hash = "sha256:bc55d1d390142424861e5ff5c6b8c243c4bae18fe7302e0939c2003f329ba365"},
]

[package.dependencies]
jsii = ">=1.127.0,<2.0.0"
publication = ">=0.0.3"
typeguard = "2.13.3"

[[package]]
name = "greenlet"
version = "3.5.0"
description = "Lightweight in-process concurrent programming"
optional = false
python-versions = ">=3.10"
groups = ["main", "layer-database", "layer-idex-processing"]
markers = "platform_machine == \"aarch64\" or platform_machine == \"ppc64le\" or platform_machine == \"x86_64\" or platform_machine == \"amd64\" or platform_machine == \"AMD64\" or platform_machine == \"win32\" or platform_machine == \"WIN32\""
files = [
    {file = "greenlet-3.5.0.tar.gz", hash = "sha256:d419647372241bc68e957bf38d5c1f98852155e4146bd1e4121adea81f4f01e4"},
]

[package.extras]
docs = ["Sphinx", "furo"]
test = ["objgraph", "psutil", "setuptools"]

[[package]]
name = "idna"
version = "3.13"
description = "Internationalized Domain Names in Applications (IDNA)"
optional = false
python-versions = ">=3.8"
groups = ["main", "layer-idex-processing", "layer-processing", "layer-spice"]
files = [
    {file = "idna-3.13-py3-none-any.whl", hash = "sha256:892ea0cde124a99ce773decba204c5552b69c3c67ffd5f232eb7696135bc8bb3"},
    {file = "idna-3.13.tar.gz", hash = "sha256:585ea8fe5d69b9181ec1afba340451fba6ba764af97026f92a91d4eef164a242"},
]

[package.extras]
all = ["mypy (>=1.11.2)", "pytest (>=8.3.2)", "ruff (>=0.6.2)"]

[[package]]
name = "imap-data-access"
version = "0.40.1"
description = "IMAP SDC Data Access"
optional = false
python-versions = "*"
groups = ["main", "layer-idex-processing", "layer-processing"]
files = [
    {file = "imap_data_access-0.40.1-py3-none-any.whl", hash = "sha256:8142457ea38b577d05e48fdca31e6199222ab562229a6c0ecb1dbf2b92c84832"},
    {file = "imap_data_access-0.40.1.tar.gz", hash = "sha256:184c4db2d9dd7a3dbf3dbc150405a61d12f603b866e166a4ae04bd1df8aac6ab"},
]

[package.dependencies]
requests = ">=2.29"

[package.extras]
dev = ["imap_data_access[test]", "pre-commit", "ruff"]
test = ["pytest", "pytest-cov"]

[[package]]
name = "imap-processing"
version = "1.0.32"
description = "IMAP Science Operations Center Processing"
optional = false
python-versions = "<3.13,>=3.10"
groups = ["layer-idex-processing", "layer-processing"]
files = [
    {file = "imap_processing-1.0.32-py3-none-any.whl", hash = "sha256:d53ca85c1ca111354074949e479fd082e518416194817bd094513ca048bdf17b"},
    {file = "imap_processing-1.0.32.tar.gz", hash = "sha256:c6dc7e945d8118e2ad5b48cc2ba98aadfe80c4b26d641b8255172aaebf28b77b"},
]

[package.dependencies]
astropy-healpix = ">=1.0"
cdflib = ">=1.3.6"
imap-data-access = ">=0.37.0"
numpy = ">=2,<3"
sammi-cdf = ">=1.0,<2"
scipy = ">=1.13,<2"
space_packet_parser = ">=6.0.0"
spiceypy = ">=6.0.0"
xarray = ">=2024.10.0,<2026"

[package.extras]
dev = ["mypy (==1.10.1)", "pre-commit (>=3.3.3,<4)", "ruff (==0.15.2)"]
doc = ["numpydoc (>=1.5.0,<2)", "pydata-sphinx-theme", "sphinx", "sphinxcontrib-openapi (>=0.8.3,<0.9)"]
map-visualization = ["healpy (>=1.18.0,<2)"]
test = ["netcdf4 (>=1.7.2,<2)", "openpyxl (>=3.0.7)", "pytest (>=6.2.5)", "pytest-cov (>=4.0.0,<5)", "pytest-xdist (>=3.2,<4)", "requests (>=2.32.3,<3)"]
tools = ["openpyxl (>=3.0.7)", "pandas (>=2.0.0)"]

[[package]]
name = "importlib-resources"
version = "7.1.0"
description = "Read resources from Python packages"
optional = false
python-versions = ">=3.10"
groups = ["cdk-install"]
files = [
    {file = "importlib_resources-7.1.0-py3-none-any.whl", hash = "sha256:1bd7b48b4088eddb2cd16382150bb515af0bd2c70128194392725f82ad2c96a1"},
    {file = "importlib_resources-7.1.0.tar.gz", hash = "sha256:0722d4c6212489c530f2a145a34c0a7a3b4721bc96a15fada5930e2a0b760708"},
]

[[package]]
name = "jmespath"
version = "1.1.0"
description = "JSON Matching Expressions"
optional = false
python-versions = ">=3.9"
groups = ["main"]
files = [
    {file = "jmespath-1.1.0-py3-none-any.whl", hash = "sha256:a5663118de4908c91729bea0acadca56526eb2698e83de10cd116ae0f4e97c64"},
    {file = "jmespath-1.1.0.tar.gz", hash = "sha256:472c87d80f36026ae83c6ddd0f1d05d4e510134ed462851fd5f754c8c3cbb88d"},
]

[[package]]
name = "jsii"
version = "1.128.0"
description = "Python client for jsii runtime"
optional = false
python-versions = "~=3.9"
groups = ["cdk-install"]
files = [
    {file = "jsii-1.128.0-py3-none-any.whl", hash = "sha256:25912f66516c08c21dfcd350c9efd4c71548a98fd1af61ed08e73d99a73e0af0"},
    {file = "jsii-1.128.0.tar.gz", hash = "sha256:05f21e1c16e899cd65db27e54c9379b561cf368c6d670b60ea012bffa801b6d7"},
]

[package.dependencies]
attrs = ">=21.2,<26.0"
cattrs = ">=1.8,<25.4"
importlib_resources = ">=5.2.0"
publication = ">=0.0.3"
python-dateutil = "*"
typeguard = "2.13.3"
typing_extensions = ">=3.8,<5.0"

[[package]]
name = "lxml"
version = "6.1.0"
description = "Powerful and Pythonic XML processing library combining libxml2/libxslt with the ElementTree API."
optional = false
python-versions = ">=3.8"
groups = ["layer-idex-processing", "layer-processing"]
files = [
    {file = "lxml-6.1.0.tar.gz", hash = "sha256:bfd57d8008c4965709a919c3e9a98f76c2c7cb319086b3d26858250620023b13"},
]

[package.extras]
cssselect = ["cssselect (>=0.7)"]
html-clean = ["lxml_html_clean"]
html5 = ["html5lib"]
htmlsoup = ["BeautifulSoup4"]

[[package]]
name = "markdown-it-py"
version = "3.0.0"
description = "Python port of markdown-it. Markdown parsing, done right!"
optional = false
python-versions = ">=3.8"
groups = ["main", "layer-idex-processing", "layer-processing"]
files = [
    {file = "markdown-it-py-3.0.0.tar.gz", hash = "sha256:e3f60a94fa066dc52ec76661e37c851cb232d92f9886b15cb560aaada2df8feb"},
    {file = "markdown_it_py-3.0.0-py3-none-any.whl", hash = "sha256:355216845c60bd96232cd8d8c40e8f9765cc86f46880e43a8fd22dc1a1a8cab1"},
]
markers = {main = "extra == \"doc\""}

[package.dependencies]
mdurl = ">=0.1,<1.0"

[[package]]
name = "mdurl"
version = "0.1.2"
description = "Markdown URL utilities"
optional = false
python-versions = ">=3.7"
groups = ["main", "layer-idex-processing", "layer-processing"]
files = [
    {file = "mdurl-0.1.2-py3-none-any.whl", hash = "sha256:84008a41e51615a49fc9966191ff91509e3c40b939176e643fd50a5c2196b8f8"},
    {file = "mdurl-0.1.2.tar.gz", hash = "sha256:bb413d29f5eea38f31dd4754dd7377d4465116fb207585f97bf925588687c1ba"},
]
markers = {main = "extra == \"doc\""}

[[package]]
name = "numpy"
version = "2.4.6"
description = "Fundamental package for array computing in Python"
optional = false
python-versions = ">=3.11"
groups = ["main", "layer-idex-processing", "layer-processing", "layer-spice"]
files = [
    {file = "numpy-2.4.6-cp311-cp311-macosx_10_9_x86_64.whl", hash = "sha256:0280e0356c0829a18d9de1cb7eee50ec22ca639878d7240307ca0943d73cd2c4"},
    {file = "numpy-2.4.6-cp311-cp311-macosx_11_0_arm64.whl", hash = "sha256:110f8b71aacb688ec69062bb7f6938a0f8acb01b7c1c4beb453c65b6d234584d"},
    {file = "numpy-2.4.6-cp311-cp311-macosx_14_0_arm64.whl", hash = "sha256:4cfe66903cc32a9921a6733d96b19bb6abf310397581bbad89c228f5abaf0ee8"},
    {file = "numpy-2.4.6-cp311-cp311-macosx_14_0_x86_64.whl", hash = "sha256:8155154c7c691289fe18f510b5d4657c68c67989f293f0535a91360392ff6538"},
    {file = "numpy-2.4.6-cp311-cp311-manylinux_2_27_aarch64.manylinux_2_28_aarch64.whl", hash = "sha256:0ab0a9c4ffb1a6d95ef519fe4247dba8eb6b18ad93999f76b7f657039acabd47"},
    {file = "numpy-2.4.6-cp311-cp311-manylinux_2_27_x86_64.manylinux_2_28_x86_64.whl", hash = "sha256:89cd468399cfd2504718f0ba50e410dca55a170b61a02ad92bb18c8a65186e93"},
    {file = "numpy-2.4.6-cp311-cp311-musllinux_1_2_aarch64.whl", hash = "sha256:c2d37ab77531417474168eb79d6d80b14f821a966818505d03013d0833edb7a8"},
    {file = "numpy-2.4.6-cp311-cp311-musllinux_1_2_x86_64.whl", hash = "sha256:f407cb6b8e9d6d8c626bc73c945db1706035af8fd632295547bf1c9e46d092d6"},
    {file = "numpy-2.4.6-cp311-cp311-win32.whl", hash = "sha256:ddea102b48f9e339f3948bf22040944184627a30fdf7f858667673b9c5f033c8"},
    {file = "numpy-2.4.6-cp311-cp311-win_amd64.whl", hash = "sha256:1e254a00cdf42b1e4d5b3d68d33af63268d41340d8885df2ab6470f2e1500147"},
    {file = "numpy-2.4.6-cp311-cp311-win_arm64.whl", hash = "sha256:ed9749eef4cbd126da3dc1d6bcb3a57f5eb7ac6a6484146bdbf743f552dfc577"},
    {file = "numpy-2.4.6-cp312-cp312-macosx_10_13_x86_64.whl", hash = "sha256:001fbb8e08d942dd57599e781f2472269ee7f2755fae407b4f67b2f0b17da3f1"},
    {file = "numpy-2.4.6-cp312-cp312-macosx_11_0_arm64.whl", hash = "sha256:ebfb099f8dcf083deef3ac1ca4c1503f387cf76296fcb3816b66f5ecb5f54fdb"},
    {file = "numpy-2.4.6-cp312-cp312-macosx_14_0_arm64.whl", hash = "sha256:3213d622a0283a39a93d188f3cf72b26862df52fbb4ca3697f51705016523d41"},
    {file = "numpy-2.4.6-cp312-cp312-macosx_14_0_x86_64.whl", hash = "sha256:357cc07a6d7b0b182ff02249616a03742827ebb1277546b5c7cd7f7620a45698"},
    {file = "numpy-2.4.6-cp312-cp312-manylinux_2_27_aarch64.manylinux_2_28_aarch64.whl", hash = "sha256:5f9fb9157b4ce2971008323afe46053787b526ef624fea915b261468a8421a0f"},
    {file = "numpy-2.4.6-cp312-cp312-manylinux_2_27_x86_64.manylinux_2_28_x86_64.whl", hash = "sha256:90f9849678c75fe7afa2d348ac842c168b0a4d3d61919687216dfc547976d853"},
    {file = "numpy-2.4.6-cp312-cp312-musllinux_1_2_aarch64.whl", hash = "sha256:c1a2af6c6ef86344a6b0db6b97834208bf598db514f2b155042439b62605601a"},
    {file = "numpy-2.4.6-cp312-cp312-musllinux_1_2_x86_64.whl", hash = "sha256:e5805d5a22fd19c8ccff10a9561f9df94436b0545619ea579db2d3c35294bce2"},
    {file = "numpy-2.4.6-cp312-cp312-win32.whl", hash = "sha256:e3eeb0aabd6bd5ce64faae67e9935203a6991b4bc2a485a767fbafb2c5125f45"},
    {file = "numpy-2.4.6-cp312-cp312-win_amd64.whl", hash = "sha256:d8e8286dd7cea7895157318d1b91cdacac64c479f3cbc8dce548331728484751"},
    {file = "numpy-2.4.6-cp312-cp312-win_arm64.whl", hash = "sha256:4081eb135ac24158bd51cdfbef16f1c64df7063b1143f24731387137c092bec8"},
    {file = "numpy-2.4.6-cp313-cp313-macosx_10_13_x86_64.whl", hash = "sha256:511dbaf848decaaaf4b4ca48032619fb3138710c4bf7da7617765edad1ef96b0"},
    {file = "numpy-2.4.6-cp313-cp313-macosx_11_0_arm64.whl", hash = "sha256:bf162abab1c1a736333192707cef898e735a5ca00f38f27eeedf44b39d9e85eb"},
    {file = "numpy-2.4.6-cp313-cp313-macosx_14_0_arm64.whl", hash = "sha256:043191bfa8eab18c776647b62723ac9dddece59743b13f49b2016094129c2b3f"},
    {file = "numpy-2.4.6-cp313-cp313-macosx_14_0_x86_64.whl", hash = "sha256:6180d8b35af935aed8ece3a85e0a43f87393ae0ac87c8d2c8bd2c993f7270ef3"},
    {file = "numpy-2.4.6-cp313-cp313-manylinux_2_27_aarch64.manylinux_2_28_aarch64.whl", hash = "sha256:72fbe16c6fac95aedf5937fa873445cec2110be35d8a4e9433d7501fd98dae6b"},
    {file = "numpy-2.4.6-cp313-cp313-manylinux_2_27_x86_64.manylinux_2_28_x86_64.whl", hash = "sha256:a7830bab239b79cda9c08c2da014761cafb48da6150e1da17ac06283f43b6089"},
    {file = "numpy-2.4.6-cp313-cp313-musllinux_1_2_aarch64.whl", hash = "sha256:ef4aea96ce4d3b074422cb4f2f64e216bf9e213004bb58ecfdf50ea02ea8eb9a"},
    {file = "numpy-2.4.6-cp313-cp313-musllinux_1_2_x86_64.whl", hash = "sha256:dfa20cc6ca228e6b155b11da03825975ce66aea520985dbbddf0f2a5a495c605"},
    {file = "numpy-2.4.6-cp313-cp313-win32.whl", hash = "sha256:56b39e5e0622a09a25bf5baf62f4bcf0cb8a41ae6e2819cf49bbc5a74c083f91"},
    {file = "numpy-2.4.6-cp313-cp313-win_amd64.whl", hash = "sha256:c4fc99836233ea196540b17ab0983aff60ed07941751930f5f4d05bc3b3b7359"},
    {file = "numpy-2.4.6-cp313-cp313-win_arm64.whl", hash = "sha256:a7c711e21628b52034bb5ab8d1bce291f752fcc5e92accc615778acee1ff4778"},
    {file = "numpy-2.4.6.tar.gz", hash = "sha256:f3a3570c4a2a16746ac2c31a7c7c7b0c186b95ce902e33db6f28094ed7387dda"},
]

[[package]]
name = "packaging"
version = "26.2"
description = "Core utilities for Python packages"
optional = false
python-versions = ">=3.8"
groups = ["main", "layer-idex-processing", "layer-processing"]
files = [
    {file = "packaging-26.2-py3-none-any.whl", hash = "sha256:5fc45236b9446107ff2415ce77c807cee2862cb6fac22b8a73826d0693b0980e"},
    {file = "packaging-26.2.tar.gz", hash = "sha256:ff452ff5a3e828ce110190feff1178bb1f2ea2281fa2075aadb987c2fb221661"},
]
markers = {main = "extra == \"doc\" or extra == \"test\""}

[[package]]
name = "pandas"
version = "3.0.2"
description = "Powerful data structures for data analysis, time series, and statistics"
optional = false
python-versions = ">=3.11"
groups = ["layer-idex-processing", "layer-processing"]
files = [
    {file = "pandas-3.0.2-cp311-cp311-macosx_10_9_x86_64.whl", hash = "sha256:a727a73cbdba2f7458dc82449e2315899d5140b449015d822f515749a46cbbe0"},
    {file = "pandas-3.0.2-cp311-cp311-macosx_11_0_arm64.whl", hash = "sha256:dbbd4aa20ca51e63b53bbde6a0fa4254b1aaabb74d2f542df7a7959feb1d760c"},
    {file = "pandas-3.0.2-cp311-cp311-manylinux_2_24_aarch64.manylinux_2_28_aarch64.whl", hash = "sha256:339dda302bd8369dedeae979cb750e484d549b563c3f54f3922cb8ff4978c5eb"},
    {file = "pandas-3.0.2-cp311-cp311-manylinux_2_24_x86_64.manylinux_2_28_x86_64.whl", hash = "sha256:61c2fd96d72b983a9891b2598f286befd4ad262161a609c92dc1652544b46b76"},
    {file = "pandas-3.0.2-cp311-cp311-musllinux_1_2_aarch64.whl", hash = "sha256:c934008c733b8bbea273ea308b73b3156f0181e5b72960790b09c18a2794fe1e"},
    {file = "pandas-3.0.2-cp311-cp311-musllinux_1_2_x86_64.whl", hash = "sha256:60a80bb4feacbef5e1447a3f82c33209c8b7e07f28d805cfd1fb951e5cb443aa"},
    {file = "pandas-3.0.2-cp311-cp311-win_amd64.whl", hash = "sha256:ed72cb3f45190874eb579c64fa92d9df74e98fd63e2be7f62bce5ace0ade61df"},
    {file = "pandas-3.0.2-cp311-cp311-win_arm64.whl", hash = "sha256:f12b1a9e332c01e09510586f8ca9b108fd631fd656af82e452d7315ef6df5f9f"},
    {file = "pandas-3.0.2-cp312-cp312-macosx_10_13_x86_64.whl", hash = "sha256:232a70ebb568c0c4d2db4584f338c1577d81e3af63292208d615907b698a0f18"},
    {file = "pandas-3.0.2-cp312-cp312-macosx_11_0_arm64.whl", hash = "sha256:970762605cff1ca0d3f71ed4f3a769ea8f85fc8e6348f6e110b8fea7e6eb5a14"},
    {file = "pandas-3.0.2-cp312-cp312-manylinux_2_24_aarch64.manylinux_2_28_aarch64.whl", hash = "sha256:aff4e6f4d722e0652707d7bcb190c445fe58428500c6d16005b02401764b1b3d"},
    {file = "pandas-3.0.2-cp312-cp312-manylinux_2_24_x86_64.manylinux_2_28_x86_64.whl", hash = "sha256:ef8b27695c3d3dc78403c9a7d5e59a62d5464a7e1123b4e0042763f7104dc74f"},
    {file = "pandas-3.0.2-cp312-cp312-musllinux_1_2_aarch64.whl", hash = "sha256:f8d68083e49e16b84734eb1a4dcae4259a75c90fb6e2251ab9a00b61120c06ab"},
    {file = "pandas-3.0.2-cp312-cp312-musllinux_1_2_x86_64.whl", hash = "sha256:32cc41f310ebd4a296d93515fcac312216adfedb1894e879303987b8f1e2b97d"},
    {file = "pandas-3.0.2-cp312-cp312-win_amd64.whl", hash = "sha256:a4785e1d6547d8427c5208b748ae2efb64659a21bd82bf440d4262d02bfa02a4"},
    {file = "pandas-3.0.2-cp312-cp312-win_arm64.whl", hash = "sha256:08504503f7101300107ecdc8df73658e4347586db5cfdadabc1592e9d7e7a0fd"},
    {file = "pandas-3.0.2-cp313-cp313-macosx_10_13_x86_64.whl", hash = "sha256:b5918ba197c951dec132b0c5929a00c0bf05d5942f590d3c10a807f6e15a57d3"},
    {file = "pandas-3.0.2-cp313-cp313-macosx_11_0_arm64.whl", hash = "sha256:d606a041c89c0a474a4702d532ab7e73a14fe35c8d427b972a625c8e46373668"},
    {file = "pandas-3.0.2-cp313-cp313-manylinux_2_24_aarch64.manylinux_2_28_aarch64.whl", hash = "sha256:710246ba0616e86891b58ab95f2495143bb2bc83ab6b06747c74216f583a6ac9"},
    {file = "pandas-3.0.2-cp313-cp313-manylinux_2_24_x86_64.manylinux_2_28_x86_64.whl", hash = "sha256:5d3cfe227c725b1f3dff4278b43d8c784656a42a9325b63af6b1492a8232209e"},
    {file = "pandas-3.0.2-cp313-cp313-musllinux_1_2_aarch64.whl", hash = "sha256:c3b723df9087a9a9a840e263ebd9f88b64a12075d1bf2ea401a5a42f254f084d"},
    {file = "pandas-3.0.2-cp313-cp313-musllinux_1_2_x86_64.whl", hash = "sha256:a3096110bf9eac0070b7208465f2740e2d8a670d5cb6530b5bb884eca495fd39"},
    {file = "pandas-3.0.2-cp313-cp313-win_amd64.whl", hash = "sha256:07a10f5c36512eead51bc578eb3354ad17578b22c013d89a796ab5eee90cd991"},
    {file = "pandas-3.0.2-cp313-cp313-win_arm64.whl", hash = "sha256:5fdbfa05931071aba28b408e59226186b01eb5e92bea2ab78b65863ca3228d84"},
    {file = "pandas-3.0.2.tar.gz", hash = "sha256:f4753e73e34c8d83221ba58f232433fca2748be8b18dbca02d242ed153945043"},
]

[package.dependencies]
numpy = {version = ">=1.26.0", markers = "python_version < \"3.14\""}
python-dateutil = ">=2.8.2"
tzdata = {version = "*", markers = "sys_platform == \"win32\" or sys_platform == \"emscripten\""}

[[package]]
name = "psycopg"
version = "3.3.4"
description = "PostgreSQL database adapter for Python"
optional = false
python-versions = ">=3.10"
groups = ["layer-database", "layer-idex-processing"]
files = [
    {file = "psycopg-3.3.4-py3-none-any.whl", hash = "sha256:b6bbc25ccf05c8fad3b061d9db2ef0909a555171b84b07f29458a447253d679a"},
    {file = "psycopg-3.3.4.tar.gz", hash = "sha256:e21207764952cff81b6b8bdacad9a3939f2793367fdac2987b3aac36a651b5bc"},
]

[package.dependencies]
typing-extensions = {version = ">=4.6", markers = "python_version < \"3.13\""}
tzdata = {version = "*", markers = "sys_platform == \"win32\""}

[package.extras]
binary = ["psycopg-binary (==3.3.4) ; implementation_name != \"pypy\""]
c = ["psycopg-c (==3.3.4) ; implementation_name != \"pypy\""]

[[package]]
name = "psycopg2-binary"
version = "2.9.12"
description = "psycopg2 - Python-PostgreSQL Database Adapter"
optional = false
python-versions = ">=3.9"
groups = ["layer-database", "layer-idex-processing"]
files = [
    {file = "psycopg2_binary-2.9.12.tar.gz", hash = "sha256:5ac9444edc768c02a6b6a591f070b8aae28ff3a99be57560ac996001580f294c"},
]

[[package]]
name = "publication"
version = "0.0.3"
description = "Publication helps you maintain public-api-friendly modules by preventing unintentional access to private implementation details via introspection."
optional = false
python-versions = "*"
groups = ["cdk-install"]
files = [
    {file = "publication-0.0.3-py2.py3-none-any.whl", hash = "sha256:0248885351febc11d8a1098d5c8e3ab2dabcf3e8c0c96db1e17ecd12b53afbe6"},
    {file = "publication-0.0.3.tar.gz", hash = "sha256:68416a0de76dddcdd2930d1c8ef853a743cc96c82416c4e4d3b5d901c6276dc4"},
]

[[package]]
name = "pyerfa"
version = "2.0.1.5"
description = "Python bindings for ERFA"
optional = false
python-versions = ">=3.9"
groups = ["layer-idex-processing", "layer-processing"]
files = [
    {file = "pyerfa-2.0.1.5.tar.gz", hash = "sha256:17d6b24fe4846c65d5e7d8c362dcb08199dc63b30a236aedd73875cc83e1f6c0"},
]

[package.dependencies]
numpy = ">=1.19.3"

[[package]]
name = "pygments"
version = "2.20.0"
description = "Pygments is a syntax highlighting package written in Python."
optional = false
python-versions = ">=3.9"
groups = ["main", "layer-idex-processing", "layer-processing"]
files = [
    {file = "pygments-2.20.0-py3-none-any.whl", hash = "sha256:81a9e26dd42fd28a23a2d169d86d7ac03b46e2f8b59ed4698fb4785f946d0176"},
    {file = "pygments-2.20.0.tar.gz", hash = "sha256:6757cd03768053ff99f3039c1a36d6c0aa0b263438fcab17520b30a303a82b5f"},
]
markers = {main = "extra == \"doc\""}

[[package]]
name = "python-dateutil"
version = "2.9.0.post0"
description = "Extensions to the standard Python datetime module"
optional = false
python-versions = "!=3.0.*,!=3.1.*,!=3.2.*,>=2.7"
groups = ["main", "cdk-install", "layer-idex-processing", "layer-processing"]
files = [
    {file = "python-dateutil-2.9.0.post0.tar.gz", hash = "sha256:37dd54208da7e1cd875388217d5e00ebd4179249f90fb72437e91a35459a0ad3"},
    {file = "python_dateutil-2.9.0.post0-py2.py3-none-any.whl", hash = "sha256:a8b2bc7bffae282281c8140a97d3aa9c14da0b136dfe83f850eea9a5f7470427"},
]

[package.dependencies]
six = ">=1.5"

[[package]]
name = "pyyaml"
version = "6.0.3"
description = "YAML parser and emitter for Python"
optional = false
python-versions = ">=3.8"
groups = ["main", "layer-idex-processing", "layer-processing"]
files = [
    {file = "pyyaml-6.0.3.tar.gz", hash = "sha256:d76623373421df22fb4cf8817020cbb7ef15c725b9d5e45f17e189bfc384190f"},
]
markers = {main = "extra == \"dev\" or extra == \"doc\" or extra == \"test\""}

[[package]]
name = "requests"
version = "2.33.1"
description = "Python HTTP for Humans."
optional = false
python-versions = ">=3.10"
groups = ["main", "layer-idex-processing", "layer-processing", "layer-spice"]
files = [
    {file = "requests-2.33.1-py3-none-any.whl", hash = "sha256:4e6d1ef462f3626a1f0a0a9c42dd93c63bad33f9f1c1937509b8c5c8718ab56a"},
    {file = "requests-2.33.1.tar.gz", hash = "sha256:18817f8c57c6263968bc123d237e3b8b08ac046f5456bd1e307ee8f4250d3517"},
]

[package.dependencies]
certifi = ">=2023.5.7"
charset_normalizer = ">=2,<4"
idna = ">=2.5,<4"
urllib3 = ">=1.26,<3"

[[package]]
name = "rich"
version = "15.0.0"
description = "Render rich text, tables, progress bars, syntax highlighting, markdown and more to the terminal"
optional = false
python-versions = ">=3.9.0"
groups = ["layer-idex-processing", "layer-processing"]
files = [
    {file = "rich-15.0.0-py3-none-any.whl", hash = "sha256:33bd4ef74232fb73fe9279a257718407f169c09b78a87ad3d296f548e27de0bb"},
    {file = "rich-15.0.0.tar.gz", hash = "sha256:edd07a4824c6b40189fb7ac9bc4c52536e9780fbbfbddf6f1e2502c31b068c36"},
]

[package.dependencies]
markdown-it-py = ">=2.2.0"
pygments = ">=2.13.0,<3.0.0"

[[package]]
name = "s3transfer"
version = "0.16.1"
description = "An Amazon S3 Transfer Manager"
optional = false
python-versions = ">=3.9"
groups = ["main"]
files = [
    {file = "s3transfer-0.16.1-py3-none-any.whl", hash = "sha256:61bcd00ccb83b21a0fe7e91a553fff9729d46c83b4e0106e7c314a733891f7c2"},
    {file = "s3transfer-0.16.1.tar.gz", hash = "sha256:8e424355754b9ccb32467bdc568edf55be82692ef2002d934b1311dbb3b9e524"},
]

[package.dependencies]
botocore = ">=1.37.4,<2.0a0"

[[package]]
name = "sammi-cdf"
version = "1.0.2"
description = "A Python package to support metadata attribute management for Space Weather data processing pipelines."
optional = false
python-versions = ">=3.9"
groups = ["layer-idex-processing", "layer-processing"]
files = [
    {file = "sammi_cdf-1.0.2.tar.gz", hash = "sha256:1d8d02563d6cf56e84087bdfe46f228e9a5471b590134aa30f75c1fd122bd09e"},
]

[package.dependencies]
pyyaml = ">=5.3.1"

[[package]]
name = "scipy"
version = "1.17.1"
description = "Fundamental algorithms for scientific computing in Python"
optional = false
python-versions = ">=3.11"
groups = ["layer-idex-processing", "layer-processing"]
files = [
    {file = "scipy-1.17.1.tar.gz", hash = "sha256:95d8e012d8cb8816c226aef832200b1d45109ed4464303e997c5b13122b297c0"},
]

[package.dependencies]
numpy = ">=1.26.4,<2.7"

[[package]]
name = "six"
version = "1.17.0"
description = "Python 2 and 3 compatibility utilities"
optional = false
python-versions = "!=3.0.*,!=3.1.*,!=3.2.*,>=2.7"
groups = ["main", "cdk-install", "layer-idex-processing", "layer-processing"]
files = [
    {file = "six-1.17.0-py2.py3-none-any.whl", hash = "sha256:4721f391ed90541fddacab5acf947aa0d3dc7d27b2e1e8eda2be8970586c3274"},
    {file = "six-1.17.0.tar.gz", hash = "sha256:ff70335d468e7eb6ec65b95b99d3a2836546063f63acc5171de367e834932a81"},
]

[[package]]
name = "space-packet-parser"
version = "6.1.2"
description = "A CCSDS telemetry packet decoding library based on the XTCE packet format description standard."
optional = false
python-versions = ">=3.10"
groups = ["layer-idex-processing", "layer-processing"]
files = [
    {file = "space_packet_parser-6.1.2-py3-none-any.whl", hash = "sha256:fac836c4394825703a076feddce894bee9216b73deae64742e829d868c415bef"},
    {file = "space_packet_parser-6.1.2.tar.gz", hash = "sha256:4cdafdb93e2dc2733f2568e1b1f6bfeb41a4eba993fe5a25f09f09409b5c9e88"},
]

[package.dependencies]
click = ">=8.0"
lxml = ">=4.8.0"
rich = ">=13.0"

[[package]]
name = "spiceypy"
version = "6.0.3"
description = "A Python Wrapper for the NAIF CSPICE Toolkit"
optional = false
python-versions = "<4,>=3.10"
groups = ["layer-idex-processing", "layer-processing", "layer-spice"]
files = [
    {file = "spiceypy-6.0.3.tar.gz", hash = "sha256:5b7338651525c605738f41b1ff3bd363ee2bc09380b574c671e0651b2298ca4b"},
]

[package.dependencies]
numpy = ">=1.23.5"

[[package]]
name = "sqlalchemy"
version = "2.0.49"
description = "Database Abstraction Library"
optional = false
python-versions = ">=3.7"
groups = ["main", "layer-database", "layer-idex-processing"]
files = [
    {file = "sqlalchemy-2.0.49-py3-none-any.whl", hash = "sha256:ec44cfa7ef1a728e88ad41674de50f6db8cfdb3e2af84af86e0041aaf02d43d0"},
    {file = "sqlalchemy-2.0.49.tar.gz", hash = "sha256:d15950a57a210e36dd4cec1aac22787e2a4d57ba9318233e2ef8b2daf9ff2d5f"},
]

[package.dependencies]
greenlet = {version = ">=1", markers = "platform_machine == \"aarch64\" or platform_machine == \"ppc64le\" or platform_machine == \"x86_64\" or platform_machine == \"amd64\" or platform_machine == \"AMD64\" or platform_machine == \"win32\" or platform_machine == \"WIN32\""}
typing-extensions = ">=4.6.0"

[[package]]
name = "typeguard"
version = "2.13.3"
description = "Run-time type checker for Python"
optional = false
python-versions = ">=3.5.3"
groups = ["cdk-install"]
files = [
    {file = "typeguard-2.13.3-py3-none-any.whl", hash = "sha256:5e3e3be01e887e7eafae5af63d1f36c849aaa94e3a0112097312aabfa16284f1"},
    {file = "typeguard-2.13.3.tar.gz", hash = "sha256:00edaa8da3a133674796cf5ea87d9f4b4c367d77476e185e80251cc13dfbb8c4"},
]

[[package]]
name = "typing-extensions"
version = "4.15.0"
description = "Backported and Experimental Type Hints for Python 3.9+"
optional = false
python-versions = ">=3.9"
groups = ["main", "cdk-install", "layer-database", "layer-idex-processing"]
files = [
    {file = "typing_extensions-4.15.0-py3-none-any.whl", hash = "sha256:f0fa19c6845758ab08074a0cfa8b7aecb71c999ca73d62883bc25cc018c4e548"},
    {file = "typing_extensions-4.15.0.tar.gz", hash = "sha256:0cea48d173cc12fa28ecabc3b837ea3cf6f38c6d1136f85cbaaf598984861466"},
]

[[package]]
name = "tzdata"
version = "2026.2"
description = "Provider of IANA time zone data"
optional = false
python-versions = ">=2"
groups = ["layer-database", "layer-idex-processing", "layer-processing"]
files = [
    {file = "tzdata-2026.2-py2.py3-none-any.whl", hash = "sha256:bbe9af844f658da81a5f95019480da3a89415801f6cc966806612cc7169bffe7"},
    {file = "tzdata-2026.2.tar.gz", hash = "sha256:9173fde7d80d9018e02a662e168e5a2d04f87c41ea174b139fbef642eda62d10"},
]
markers = {layer-database = "sys_platform == \"win32\"", layer-idex-processing = "sys_platform == \"win32\" or sys_platform == \"emscripten\"", layer-processing = "sys_platform == \"win32\" or sys_platform == \"emscripten\""}

[[package]]
name = "urllib3"
version = "2.6.3"
description = "HTTP library with thread-safe connection pooling, file post, and more."
optional = false
python-versions = ">=3.9"
groups = ["main", "layer-idex-processing", "layer-processing", "layer-spice"]
files = [
    {file = "urllib3-2.6.3-py3-none-any.whl", hash = "sha256:bf272323e553dfb2e87d9bfd225ca7b0f467b919d7bbd355436d3fd37cb0acd4"},
    {file = "urllib3-2.6.3.tar.gz", hash = "sha256:1b62b6884944a57dbe321509ab94fd4d3b307075e0c2eae991ac71ee15ad38ed"},
]

[[package]]
name = "xarray"
version = "2025.6.1"
description = "N-D labeled arrays and datasets in Python"
optional = false
python-versions = ">=3.10"
groups = ["layer-idex-processing", "layer-processing"]
files = [
    {file = "xarray-2025.6.1-py3-none-any.whl", hash = "sha256:8b988b47f67a383bdc3b04c5db475cd165e580134c1f1943d52aee4a9c97651b"},
    {file = "xarray-2025.6.1.tar.gz", hash = "sha256:a84f3f07544634a130d7dc615ae44175419f4c77957a7255161ed99c69c7c8b0"},
]

[package.dependencies]
numpy = ">=1.24"
packaging = ">=23.2"
pandas = ">=2.1"

[extras]
dev = ["pre-commit", "ruff"]
doc = ["myst-parser", "pydata-sphinx-theme", "sphinx"]
test = ["moto", "pytest", "pytest-cov"]
tool = ["alembic"]

[metadata]
lock-version = "2.1"
python-versions = ">=3.11,<3.13"
content-hash = "af60cee65cdbb64698b1d1305ecd0462def32d8c161a0e01df922bd225847e50"
